// !$*UTF8*$!
{
	archiveVersion = 1;
	classes = {
	};
	objectVersion = 48;
	objects = {

/* Begin PBXBuildFile section */
		C32B2F5D1FEF773D0026A37C /* AppDelegate.swift in Sources */ = {isa = PBXBuildFile; fileRef = C32B2F5C1FEF773D0026A37C /* AppDelegate.swift */; };
		C32B2F5F1FEF773D0026A37C /* ViewController.swift in Sources */ = {isa = PBXBuildFile; fileRef = C32B2F5E1FEF773D0026A37C /* ViewController.swift */; };
		C32B2F621FEF773D0026A37C /* Main.storyboard in Resources */ = {isa = PBXBuildFile; fileRef = C32B2F601FEF773D0026A37C /* Main.storyboard */; };
		C32B2F641FEF773D0026A37C /* Assets.xcassets in Resources */ = {isa = PBXBuildFile; fileRef = C32B2F631FEF773D0026A37C /* Assets.xcassets */; };
		C32B2F671FEF773D0026A37C /* LaunchScreen.storyboard in Resources */ = {isa = PBXBuildFile; fileRef = C32B2F651FEF773D0026A37C /* LaunchScreen.storyboard */; };
		C32B2F6F1FEF77C40026A37C /* OnboardingViewController.swift in Sources */ = {isa = PBXBuildFile; fileRef = C32B2F6E1FEF77C40026A37C /* OnboardingViewController.swift */; };
		C32B2F711FEFCB720026A37C /* CardView.swift in Sources */ = {isa = PBXBuildFile; fileRef = C32B2F701FEFCB720026A37C /* CardView.swift */; };
/* End PBXBuildFile section */

/* Begin PBXFileReference section */
		C32B2F591FEF773D0026A37C /* testPageView.app */ = {isa = PBXFileReference; explicitFileType = wrapper.application; includeInIndex = 0; path = testPageView.app; sourceTree = BUILT_PRODUCTS_DIR; };
		C32B2F5C1FEF773D0026A37C /* AppDelegate.swift */ = {isa = PBXFileReference; lastKnownFileType = sourcecode.swift; path = AppDelegate.swift; sourceTree = "<group>"; };
		C32B2F5E1FEF773D0026A37C /* ViewController.swift */ = {isa = PBXFileReference; lastKnownFileType = sourcecode.swift; path = ViewController.swift; sourceTree = "<group>"; };
		C32B2F611FEF773D0026A37C /* Base */ = {isa = PBXFileReference; lastKnownFileType = file.storyboard; name = Base; path = Base.lproj/Main.storyboard; sourceTree = "<group>"; };
		C32B2F631FEF773D0026A37C /* Assets.xcassets */ = {isa = PBXFileReference; lastKnownFileType = folder.assetcatalog; path = Assets.xcassets; sourceTree = "<group>"; };
		C32B2F661FEF773D0026A37C /* Base */ = {isa = PBXFileReference; lastKnownFileType = file.storyboard; name = Base; path = Base.lproj/LaunchScreen.storyboard; sourceTree = "<group>"; };
		C32B2F681FEF773D0026A37C /* Info.plist */ = {isa = PBXFileReference; lastKnownFileType = text.plist.xml; path = Info.plist; sourceTree = "<group>"; };
		C32B2F6E1FEF77C40026A37C /* OnboardingViewController.swift */ = {isa = PBXFileReference; lastKnownFileType = sourcecode.swift; path = OnboardingViewController.swift; sourceTree = "<group>"; };
		C32B2F701FEFCB720026A37C /* CardView.swift */ = {isa = PBXFileReference; lastKnownFileType = sourcecode.swift; path = CardView.swift; sourceTree = "<group>"; };
/* End PBXFileReference section */

/* Begin PBXFrameworksBuildPhase section */
		C32B2F561FEF773D0026A37C /* Frameworks */ = {
			isa = PBXFrameworksBuildPhase;
			buildActionMask = 2147483647;
			files = (
			);
			runOnlyForDeploymentPostprocessing = 0;
		};
/* End PBXFrameworksBuildPhase section */

/* Begin PBXGroup section */
		C32B2F501FEF773D0026A37C = {
			isa = PBXGroup;
			children = (
				C32B2F5B1FEF773D0026A37C /* testPageView */,
				C32B2F5A1FEF773D0026A37C /* Products */,
			);
			sourceTree = "<group>";
		};
		C32B2F5A1FEF773D0026A37C /* Products */ = {
			isa = PBXGroup;
			children = (
				C32B2F591FEF773D0026A37C /* testPageView.app */,
			);
			name = Products;
			sourceTree = "<group>";
		};
		C32B2F5B1FEF773D0026A37C /* testPageView */ = {
			isa = PBXGroup;
			children = (
				C32B2F5C1FEF773D0026A37C /* AppDelegate.swift */,
				C32B2F5E1FEF773D0026A37C /* ViewController.swift */,
				C32B2F701FEFCB720026A37C /* CardView.swift */,
				C32B2F6E1FEF77C40026A37C /* OnboardingViewController.swift */,
				C32B2F601FEF773D0026A37C /* Main.storyboard */,
				C32B2F631FEF773D0026A37C /* Assets.xcassets */,
				C32B2F651FEF773D0026A37C /* LaunchScreen.storyboard */,
				C32B2F681FEF773D0026A37C /* Info.plist */,
			);
			path = testPageView;
			sourceTree = "<group>";
		};
/* End PBXGroup section */

/* Begin PBXNativeTarget section */
		C32B2F581FEF773D0026A37C /* testPageView */ = {
			isa = PBXNativeTarget;
			buildConfigurationList = C32B2F6B1FEF773D0026A37C /* Build configuration list for PBXNativeTarget "testPageView" */;
			buildPhases = (
				C32B2F551FEF773D0026A37C /* Sources */,
				C32B2F561FEF773D0026A37C /* Frameworks */,
				C32B2F571FEF773D0026A37C /* Resources */,
			);
			buildRules = (
			);
			dependencies = (
			);
			name = testPageView;
			productName = testPageView;
			productReference = C32B2F591FEF773D0026A37C /* testPageView.app */;
			productType = "com.apple.product-type.application";
		};
/* End PBXNativeTarget section */

/* Begin PBXProject section */
		C32B2F511FEF773D0026A37C /* Project object */ = {
			isa = PBXProject;
			attributes = {
				LastSwiftUpdateCheck = 0920;
				LastUpgradeCheck = 0920;
				ORGANIZATIONNAME = "Abhinav Prakash";
				TargetAttributes = {
					C32B2F581FEF773D0026A37C = {
						CreatedOnToolsVersion = 9.2;
						ProvisioningStyle = Automatic;
					};
				};
			};
			buildConfigurationList = C32B2F541FEF773D0026A37C /* Build configuration list for PBXProject "testPageView" */;
			compatibilityVersion = "Xcode 8.0";
			developmentRegion = en;
			hasScannedForEncodings = 0;
			knownRegions = (
				en,
				Base,
			);
			mainGroup = C32B2F501FEF773D0026A37C;
			productRefGroup = C32B2F5A1FEF773D0026A37C /* Products */;
			projectDirPath = "";
			projectRoot = "";
			targets = (
				C32B2F581FEF773D0026A37C /* testPageView */,
			);
		};
/* End PBXProject section */

/* Begin PBXResourcesBuildPhase section */
		C32B2F571FEF773D0026A37C /* Resources */ = {
			isa = PBXResourcesBuildPhase;
			buildActionMask = 2147483647;
			files = (
				C32B2F671FEF773D0026A37C /* LaunchScreen.storyboard in Resources */,
				C32B2F641FEF773D0026A37C /* Assets.xcassets in Resources */,
				C32B2F621FEF773D0026A37C /* Main.storyboard in Resources */,
			);
			runOnlyForDeploymentPostprocessing = 0;
		};
/* End PBXResourcesBuildPhase section */

/* Begin PBXSourcesBuildPhase section */
		C32B2F551FEF773D0026A37C /* Sources */ = {
			isa = PBXSourcesBuildPhase;
			buildActionMask = 2147483647;
			files = (
				C32B2F5F1FEF773D0026A37C /* ViewController.swift in Sources */,
				C32B2F6F1FEF77C40026A37C /* OnboardingViewController.swift in Sources */,
				C32B2F711FEFCB720026A37C /* CardView.swift in Sources */,
				C32B2F5D1FEF773D0026A37C /* AppDelegate.swift in Sources */,
			);
			runOnlyForDeploymentPostprocessing = 0;
		};
/* End PBXSourcesBuildPhase section */

/* Begin PBXVariantGroup section */
		C32B2F601FEF773D0026A37C /* Main.storyboard */ = {
			isa = PBXVariantGroup;
			children = (
				C32B2F611FEF773D0026A37C /* Base */,
			);
			name = Main.storyboard;
			sourceTree = "<group>";
		};
		C32B2F651FEF773D0026A37C /* LaunchScreen.storyboard */ = {
			isa = PBXVariantGroup;
			children = (
				C32B2F661FEF773D0026A37C /* Base */,
			);
			name = LaunchScreen.storyboard;
			sourceTree = "<group>";
		};
/* End PBXVariantGroup section */

/* Begin XCBuildConfiguration section */
		C32B2F691FEF773D0026A37C /* Debug */ = {
			isa = XCBuildConfiguration;
			buildSettings = {
				ALWAYS_SEARCH_USER_PATHS = NO;
				CLANG_ANALYZER_NONNULL = YES;
				CLANG_ANALYZER_NUMBER_OBJECT_CONVERSION = YES_AGGRESSIVE;
				CLANG_CXX_LANGUAGE_STANDARD = "gnu++14";
				CLANG_CXX_LIBRARY = "libc++";
				CLANG_ENABLE_MODULES = YES;
				CLANG_ENABLE_OBJC_ARC = YES;
				CLANG_WARN_BLOCK_CAPTURE_AUTORELEASING = YES;
				CLANG_WARN_BOOL_CONVERSION = YES;
				CLANG_WARN_COMMA = YES;
				CLANG_WARN_CONSTANT_CONVERSION = YES;
				CLANG_WARN_DIRECT_OBJC_ISA_USAGE = YES_ERROR;
				CLANG_WARN_DOCUMENTATION_COMMENTS = YES;
				CLANG_WARN_EMPTY_BODY = YES;
				CLANG_WARN_ENUM_CONVERSION = YES;
				CLANG_WARN_INFINITE_RECURSION = YES;
				CLANG_WARN_INT_CONVERSION = YES;
				CLANG_WARN_NON_LITERAL_NULL_CONVERSION = YES;
				CLANG_WARN_OBJC_LITERAL_CONVERSION = YES;
				CLANG_WARN_OBJC_ROOT_CLASS = YES_ERROR;
				CLANG_WARN_RANGE_LOOP_ANALYSIS = YES;
				CLANG_WARN_STRICT_PROTOTYPES = YES;
				CLANG_WARN_SUSPICIOUS_MOVE = YES;
				CLANG_WARN_UNGUARDED_AVAILABILITY = YES_AGGRESSIVE;
				CLANG_WARN_UNREACHABLE_CODE = YES;
				CLANG_WARN__DUPLICATE_METHOD_MATCH = YES;
				CODE_SIGN_IDENTITY = "iPhone Developer";
				COPY_PHASE_STRIP = NO;
				DEBUG_INFORMATION_FORMAT = dwarf;
				ENABLE_STRICT_OBJC_MSGSEND = YES;
				ENABLE_TESTABILITY = YES;
				GCC_C_LANGUAGE_STANDARD = gnu11;
				GCC_DYNAMIC_NO_PIC = NO;
				GCC_NO_COMMON_BLOCKS = YES;
				GCC_OPTIMIZATION_LEVEL = 0;
				GCC_PREPROCESSOR_DEFINITIONS = (
					"DEBUG=1",
					"$(inherited)",
				);
				GCC_WARN_64_TO_32_BIT_CONVERSION = YES;
				GCC_WARN_ABOUT_RETURN_TYPE = YES_ERROR;
				GCC_WARN_UNDECLARED_SELECTOR = YES;
				GCC_WARN_UNINITIALIZED_AUTOS = YES_AGGRESSIVE;
				GCC_WARN_UNUSED_FUNCTION = YES;
				GCC_WARN_UNUSED_VARIABLE = YES;
				IPHONEOS_DEPLOYMENT_TARGET = 11.2;
				MTL_ENABLE_DEBUG_INFO = YES;
				ONLY_ACTIVE_ARCH = YES;
				SDKROOT = iphoneos;
				SWIFT_ACTIVE_COMPILATION_CONDITIONS = DEBUG;
				SWIFT_OPTIMIZATION_LEVEL = "-Onone";
			};
			name = Debug;
		};
		C32B2F6A1FEF773D0026A37C /* Release */ = {
			isa = XCBuildConfiguration;
			buildSettings = {
				ALWAYS_SEARCH_USER_PATHS = NO;
				CLANG_ANALYZER_NONNULL = YES;
				CLANG_ANALYZER_NUMBER_OBJECT_CONVERSION = YES_AGGRESSIVE;
				CLANG_CXX_LANGUAGE_STANDARD = "gnu++14";
				CLANG_CXX_LIBRARY = "libc++";
				CLANG_ENABLE_MODULES = YES;
				CLANG_ENABLE_OBJC_ARC = YES;
				CLANG_WARN_BLOCK_CAPTURE_AUTORELEASING = YES;
				CLANG_WARN_BOOL_CONVERSION = YES;
				CLANG_WARN_COMMA = YES;
				CLANG_WARN_CONSTANT_CONVERSION = YES;
				CLANG_WARN_DIRECT_OBJC_ISA_USAGE = YES_ERROR;
				CLANG_WARN_DOCUMENTATION_COMMENTS = YES;
				CLANG_WARN_EMPTY_BODY = YES;
				CLANG_WARN_ENUM_CONVERSION = YES;
				CLANG_WARN_INFINITE_RECURSION = YES;
				CLANG_WARN_INT_CONVERSION = YES;
				CLANG_WARN_NON_LITERAL_NULL_CONVERSION = YES;
				CLANG_WARN_OBJC_LITERAL_CONVERSION = YES;
				CLANG_WARN_OBJC_ROOT_CLASS = YES_ERROR;
				CLANG_WARN_RANGE_LOOP_ANALYSIS = YES;
				CLANG_WARN_STRICT_PROTOTYPES = YES;
				CLANG_WARN_SUSPICIOUS_MOVE = YES;
				CLANG_WARN_UNGUARDED_AVAILABILITY = YES_AGGRESSIVE;
				CLANG_WARN_UNREACHABLE_CODE = YES;
				CLANG_WARN__DUPLICATE_METHOD_MATCH = YES;
				CODE_SIGN_IDENTITY = "iPhone Developer";
				COPY_PHASE_STRIP = NO;
				DEBUG_INFORMATION_FORMAT = "dwarf-with-dsym";
				ENABLE_NS_ASSERTIONS = NO;
				ENABLE_STRICT_OBJC_MSGSEND = YES;
				GCC_C_LANGUAGE_STANDARD = gnu11;
				GCC_NO_COMMON_BLOCKS = YES;
				GCC_WARN_64_TO_32_BIT_CONVERSION = YES;
				GCC_WARN_ABOUT_RETURN_TYPE = YES_ERROR;
				GCC_WARN_UNDECLARED_SELECTOR = YES;
				GCC_WARN_UNINITIALIZED_AUTOS = YES_AGGRESSIVE;
				GCC_WARN_UNUSED_FUNCTION = YES;
				GCC_WARN_UNUSED_VARIABLE = YES;
				IPHONEOS_DEPLOYMENT_TARGET = 11.2;
				MTL_ENABLE_DEBUG_INFO = NO;
				SDKROOT = iphoneos;
				SWIFT_OPTIMIZATION_LEVEL = "-Owholemodule";
				VALIDATE_PRODUCT = YES;
			};
			name = Release;
		};
		C32B2F6C1FEF773D0026A37C /* Debug */ = {
			isa = XCBuildConfiguration;
			buildSettings = {
				ASSETCATALOG_COMPILER_APPICON_NAME = AppIcon;
				CODE_SIGN_STYLE = Automatic;
				DEVELOPMENT_TEAM = Z6364RF362;
				INFOPLIST_FILE = testPageView/Info.plist;
				LD_RUNPATH_SEARCH_PATHS = "$(inherited) @executable_path/Frameworks";
				PRODUCT_BUNDLE_IDENTIFIER = com.lfdiifugdw.testPageView;
				PRODUCT_NAME = "$(TARGET_NAME)";
				SWIFT_VERSION = 4.0;
				TARGETED_DEVICE_FAMILY = "1,2";
			};
			name = Debug;
		};
		C32B2F6D1FEF773D0026A37C /* Release */ = {
			isa = XCBuildConfiguration;
			buildSettings = {
				ASSETCATALOG_COMPILER_APPICON_NAME = AppIcon;
				CODE_SIGN_STYLE = Automatic;
				DEVELOPMENT_TEAM = Z6364RF362;
				INFOPLIST_FILE = testPageView/Info.plist;
				LD_RUNPATH_SEARCH_PATHS = "$(inherited) @executable_path/Frameworks";
				PRODUCT_BUNDLE_IDENTIFIER = com.lfdiifugdw.testPageView;
				PRODUCT_NAME = "$(TARGET_NAME)";
				SWIFT_VERSION = 4.0;
				TARGETED_DEVICE_FAMILY = "1,2";
			};
			name = Release;
		};
/* End XCBuildConfiguration section */

/* Begin XCConfigurationList section */
		C32B2F541FEF773D0026A37C /* Build configuration list for PBXProject "testPageView" */ = {
			isa = XCConfigurationList;
			buildConfigurations = (
				C32B2F691FEF773D0026A37C /* Debug */,
				C32B2F6A1FEF773D0026A37C /* Release */,
			);
			defaultConfigurationIsVisible = 0;
			defaultConfigurationName = Release;
		};
		C32B2F6B1FEF773D0026A37C /* Build configuration list for PBXNativeTarget "testPageView" */ = {
			isa = XCConfigurationList;
			buildConfigurations = (
				C32B2F6C1FEF773D0026A37C /* Debug */,
				C32B2F6D1FEF773D0026A37C /* Release */,
			);
			defaultConfigurationIsVisible = 0;
			defaultConfigurationName = Release;
		};
/* End XCConfigurationList section */
	};
	rootObject = C32B2F511FEF773D0026A37C /* Project object */;
}
